// !$*UTF8*$!
{
	archiveVersion = 1;
	classes = {
	};
	objectVersion = 55;
	objects = {

/* Begin PBXBuildFile section */
		90A2DE8E284E533D00B8F876 /* AppDelegate.swift in Sources */ = {isa = PBXBuildFile; fileRef = 90A2DE8D284E533D00B8F876 /* AppDelegate.swift */; };
		90A2DE90284E533D00B8F876 /* SceneDelegate.swift in Sources */ = {isa = PBXBuildFile; fileRef = 90A2DE8F284E533D00B8F876 /* SceneDelegate.swift */; };
		90A2DE92284E533D00B8F876 /* ViewController.swift in Sources */ = {isa = PBXBuildFile; fileRef = 90A2DE91284E533D00B8F876 /* ViewController.swift */; };
		90A2DE95284E533D00B8F876 /* Main.storyboard in Resources */ = {isa = PBXBuildFile; fileRef = 90A2DE93284E533D00B8F876 /* Main.storyboard */; };
		90A2DE9A284E534000B8F876 /* Assets.xcassets in Resources */ = {isa = PBXBuildFile; fileRef = 90A2DE99284E534000B8F876 /* Assets.xcassets */; };
		90A2DE9D284E534000B8F876 /* LaunchScreen.storyboard in Resources */ = {isa = PBXBuildFile; fileRef = 90A2DE9B284E534000B8F876 /* LaunchScreen.storyboard */; };
		90A2DEA8284E534000B8F876 /* MC2___Market_ResearchTests.swift in Sources */ = {isa = PBXBuildFile; fileRef = 90A2DEA7284E534000B8F876 /* MC2___Market_ResearchTests.swift */; };
		90A2DEB2284E534000B8F876 /* MC2___Market_ResearchUITests.swift in Sources */ = {isa = PBXBuildFile; fileRef = 90A2DEB1284E534000B8F876 /* MC2___Market_ResearchUITests.swift */; };
		90A2DEB4284E534000B8F876 /* MC2___Market_ResearchUITestsLaunchTests.swift in Sources */ = {isa = PBXBuildFile; fileRef = 90A2DEB3284E534000B8F876 /* MC2___Market_ResearchUITestsLaunchTests.swift */; };
		90CCD54E28545D6D008D4F9A /* TableViewCell.swift in Sources */ = {isa = PBXBuildFile; fileRef = 90CCD54C28545D6D008D4F9A /* TableViewCell.swift */; };
		90CCD54F28545D6D008D4F9A /* TableViewCell.xib in Resources */ = {isa = PBXBuildFile; fileRef = 90CCD54D28545D6D008D4F9A /* TableViewCell.xib */; };
		90CCD55228546CB0008D4F9A /* March.xcdatamodeld in Sources */ = {isa = PBXBuildFile; fileRef = 90CCD55028546CB0008D4F9A /* March.xcdatamodeld */; };
		90CCD5562854CB85008D4F9A /* NewResearch.swift in Sources */ = {isa = PBXBuildFile; fileRef = 90CCD5552854CB85008D4F9A /* NewResearch.swift */; };
		90CCD5592854E3F6008D4F9A /* Research+CoreDataClass.swift in Sources */ = {isa = PBXBuildFile; fileRef = 90CCD5572854E3F6008D4F9A /* Research+CoreDataClass.swift */; };
		90CCD55A2854E3F6008D4F9A /* Research+CoreDataProperties.swift in Sources */ = {isa = PBXBuildFile; fileRef = 90CCD5582854E3F6008D4F9A /* Research+CoreDataProperties.swift */; };
/* End PBXBuildFile section */

/* Begin PBXContainerItemProxy section */
		90A2DEA4284E534000B8F876 /* PBXContainerItemProxy */ = {
			isa = PBXContainerItemProxy;
			containerPortal = 90A2DE82284E533D00B8F876 /* Project object */;
			proxyType = 1;
			remoteGlobalIDString = 90A2DE89284E533D00B8F876;
			remoteInfo = "MC2 - Market Research";
		};
		90A2DEAE284E534000B8F876 /* PBXContainerItemProxy */ = {
			isa = PBXContainerItemProxy;
			containerPortal = 90A2DE82284E533D00B8F876 /* Project object */;
			proxyType = 1;
			remoteGlobalIDString = 90A2DE89284E533D00B8F876;
			remoteInfo = "MC2 - Market Research";
		};
/* End PBXContainerItemProxy section */

/* Begin PBXFileReference section */
		90A2DE8A284E533D00B8F876 /* MC2 - Market Research.app */ = {isa = PBXFileReference; explicitFileType = wrapper.application; includeInIndex = 0; path = "MC2 - Market Research.app"; sourceTree = BUILT_PRODUCTS_DIR; };
		90A2DE8D284E533D00B8F876 /* AppDelegate.swift */ = {isa = PBXFileReference; lastKnownFileType = sourcecode.swift; path = AppDelegate.swift; sourceTree = "<group>"; };
		90A2DE8F284E533D00B8F876 /* SceneDelegate.swift */ = {isa = PBXFileReference; lastKnownFileType = sourcecode.swift; path = SceneDelegate.swift; sourceTree = "<group>"; };
		90A2DE91284E533D00B8F876 /* ViewController.swift */ = {isa = PBXFileReference; lastKnownFileType = sourcecode.swift; path = ViewController.swift; sourceTree = "<group>"; };
		90A2DE94284E533D00B8F876 /* Base */ = {isa = PBXFileReference; lastKnownFileType = file.storyboard; name = Base; path = Base.lproj/Main.storyboard; sourceTree = "<group>"; };
		90A2DE99284E534000B8F876 /* Assets.xcassets */ = {isa = PBXFileReference; lastKnownFileType = folder.assetcatalog; path = Assets.xcassets; sourceTree = "<group>"; };
		90A2DE9C284E534000B8F876 /* Base */ = {isa = PBXFileReference; lastKnownFileType = file.storyboard; name = Base; path = Base.lproj/LaunchScreen.storyboard; sourceTree = "<group>"; };
		90A2DE9E284E534000B8F876 /* Info.plist */ = {isa = PBXFileReference; lastKnownFileType = text.plist.xml; path = Info.plist; sourceTree = "<group>"; };
		90A2DEA3284E534000B8F876 /* MC2 - Market ResearchTests.xctest */ = {isa = PBXFileReference; explicitFileType = wrapper.cfbundle; includeInIndex = 0; path = "MC2 - Market ResearchTests.xctest"; sourceTree = BUILT_PRODUCTS_DIR; };
		90A2DEA7284E534000B8F876 /* MC2___Market_ResearchTests.swift */ = {isa = PBXFileReference; lastKnownFileType = sourcecode.swift; path = "MC2___Market_ResearchTests.swift"; sourceTree = "<group>"; };
		90A2DEAD284E534000B8F876 /* MC2 - Market ResearchUITests.xctest */ = {isa = PBXFileReference; explicitFileType = wrapper.cfbundle; includeInIndex = 0; path = "MC2 - Market ResearchUITests.xctest"; sourceTree = BUILT_PRODUCTS_DIR; };
		90A2DEB1284E534000B8F876 /* MC2___Market_ResearchUITests.swift */ = {isa = PBXFileReference; lastKnownFileType = sourcecode.swift; path = "MC2___Market_ResearchUITests.swift"; sourceTree = "<group>"; };
		90A2DEB3284E534000B8F876 /* MC2___Market_ResearchUITestsLaunchTests.swift */ = {isa = PBXFileReference; lastKnownFileType = sourcecode.swift; path = "MC2___Market_ResearchUITestsLaunchTests.swift"; sourceTree = "<group>"; };
		90CCD54C28545D6D008D4F9A /* TableViewCell.swift */ = {isa = PBXFileReference; lastKnownFileType = sourcecode.swift; path = TableViewCell.swift; sourceTree = "<group>"; };
		90CCD54D28545D6D008D4F9A /* TableViewCell.xib */ = {isa = PBXFileReference; lastKnownFileType = file.xib; path = TableViewCell.xib; sourceTree = "<group>"; };
		90CCD55128546CB0008D4F9A /* March.xcdatamodel */ = {isa = PBXFileReference; lastKnownFileType = wrapper.xcdatamodel; path = March.xcdatamodel; sourceTree = "<group>"; };
		90CCD5552854CB85008D4F9A /* NewResearch.swift */ = {isa = PBXFileReference; lastKnownFileType = sourcecode.swift; path = NewResearch.swift; sourceTree = "<group>"; };
		90CCD5572854E3F6008D4F9A /* Research+CoreDataClass.swift */ = {isa = PBXFileReference; lastKnownFileType = sourcecode.swift; path = "Research+CoreDataClass.swift"; sourceTree = "<group>"; };
		90CCD5582854E3F6008D4F9A /* Research+CoreDataProperties.swift */ = {isa = PBXFileReference; lastKnownFileType = sourcecode.swift; path = "Research+CoreDataProperties.swift"; sourceTree = "<group>"; };
/* End PBXFileReference section */

/* Begin PBXFrameworksBuildPhase section */
		90A2DE87284E533D00B8F876 /* Frameworks */ = {
			isa = PBXFrameworksBuildPhase;
			buildActionMask = 2147483647;
			files = (
			);
			runOnlyForDeploymentPostprocessing = 0;
		};
		90A2DEA0284E534000B8F876 /* Frameworks */ = {
			isa = PBXFrameworksBuildPhase;
			buildActionMask = 2147483647;
			files = (
			);
			runOnlyForDeploymentPostprocessing = 0;
		};
		90A2DEAA284E534000B8F876 /* Frameworks */ = {
			isa = PBXFrameworksBuildPhase;
			buildActionMask = 2147483647;
			files = (
			);
			runOnlyForDeploymentPostprocessing = 0;
		};
/* End PBXFrameworksBuildPhase section */

/* Begin PBXGroup section */
		90A2DE81284E533D00B8F876 = {
			isa = PBXGroup;
			children = (
				90CCD54328545C8E008D4F9A /* Test */,
				90A2DE8C284E533D00B8F876 /* MC2 - Market Research */,
				90A2DE8B284E533D00B8F876 /* Products */,
			);
			sourceTree = "<group>";
		};
		90A2DE8B284E533D00B8F876 /* Products */ = {
			isa = PBXGroup;
			children = (
				90A2DE8A284E533D00B8F876 /* MC2 - Market Research.app */,
				90A2DEA3284E534000B8F876 /* MC2 - Market ResearchTests.xctest */,
				90A2DEAD284E534000B8F876 /* MC2 - Market ResearchUITests.xctest */,
			);
			name = Products;
			sourceTree = "<group>";
		};
		90A2DE8C284E533D00B8F876 /* MC2 - Market Research */ = {
			isa = PBXGroup;
			children = (
				90CCD54B28545D12008D4F9A /* View */,
				90CCD54A28545D0D008D4F9A /* Model */,
				90CCD54928545CDD008D4F9A /* Controller */,
				90A2DE8D284E533D00B8F876 /* AppDelegate.swift */,
				90A2DE8F284E533D00B8F876 /* SceneDelegate.swift */,
				90A2DE91284E533D00B8F876 /* ViewController.swift */,
				90CCD5552854CB85008D4F9A /* NewResearch.swift */,
				90A2DE93284E533D00B8F876 /* Main.storyboard */,
				90CCD54C28545D6D008D4F9A /* TableViewCell.swift */,
				90CCD54D28545D6D008D4F9A /* TableViewCell.xib */,
				90A2DE99284E534000B8F876 /* Assets.xcassets */,
				90A2DE9B284E534000B8F876 /* LaunchScreen.storyboard */,
				90A2DE9E284E534000B8F876 /* Info.plist */,
			);
			path = "MC2 - Market Research";
			sourceTree = "<group>";
		};
		90A2DEA6284E534000B8F876 /* MC2 - Market ResearchTests */ = {
			isa = PBXGroup;
			children = (
				90A2DEA7284E534000B8F876 /* MC2___Market_ResearchTests.swift */,
			);
			path = "MC2 - Market ResearchTests";
			sourceTree = "<group>";
		};
		90A2DEB0284E534000B8F876 /* MC2 - Market ResearchUITests */ = {
			isa = PBXGroup;
			children = (
				90A2DEB1284E534000B8F876 /* MC2___Market_ResearchUITests.swift */,
				90A2DEB3284E534000B8F876 /* MC2___Market_ResearchUITestsLaunchTests.swift */,
			);
			path = "MC2 - Market ResearchUITests";
			sourceTree = "<group>";
		};
		90CCD54328545C8E008D4F9A /* Test */ = {
			isa = PBXGroup;
			children = (
				90A2DEB0284E534000B8F876 /* MC2 - Market ResearchUITests */,
				90A2DEA6284E534000B8F876 /* MC2 - Market ResearchTests */,
			);
			path = Test;
			sourceTree = "<group>";
		};
		90CCD54928545CDD008D4F9A /* Controller */ = {
			isa = PBXGroup;
			children = (
			);
			path = Controller;
			sourceTree = "<group>";
		};
		90CCD54A28545D0D008D4F9A /* Model */ = {
			isa = PBXGroup;
			children = (
				90CCD55028546CB0008D4F9A /* March.xcdatamodeld */,
				90CCD5582854E3F6008D4F9A /* Research+CoreDataProperties.swift */,
				90CCD5572854E3F6008D4F9A /* Research+CoreDataClass.swift */,
			);
			path = Model;
			sourceTree = "<group>";
		};
		90CCD54B28545D12008D4F9A /* View */ = {
			isa = PBXGroup;
			children = (
			);
			path = View;
			sourceTree = "<group>";
		};
/* End PBXGroup section */

/* Begin PBXNativeTarget section */
		90A2DE89284E533D00B8F876 /* MC2 - Market Research */ = {
			isa = PBXNativeTarget;
			buildConfigurationList = 90A2DEB7284E534000B8F876 /* Build configuration list for PBXNativeTarget "MC2 - Market Research" */;
			buildPhases = (
				90A2DE86284E533D00B8F876 /* Sources */,
				90A2DE87284E533D00B8F876 /* Frameworks */,
				90A2DE88284E533D00B8F876 /* Resources */,
			);
			buildRules = (
			);
			dependencies = (
			);
			name = "MC2 - Market Research";
			productName = "MC2 - Market Research";
			productReference = 90A2DE8A284E533D00B8F876 /* MC2 - Market Research.app */;
			productType = "com.apple.product-type.application";
		};
		90A2DEA2284E534000B8F876 /* MC2 - Market ResearchTests */ = {
			isa = PBXNativeTarget;
			buildConfigurationList = 90A2DEBA284E534000B8F876 /* Build configuration list for PBXNativeTarget "MC2 - Market ResearchTests" */;
			buildPhases = (
				90A2DE9F284E534000B8F876 /* Sources */,
				90A2DEA0284E534000B8F876 /* Frameworks */,
				90A2DEA1284E534000B8F876 /* Resources */,
			);
			buildRules = (
			);
			dependencies = (
				90A2DEA5284E534000B8F876 /* PBXTargetDependency */,
			);
			name = "MC2 - Market ResearchTests";
			productName = "MC2 - Market ResearchTests";
			productReference = 90A2DEA3284E534000B8F876 /* MC2 - Market ResearchTests.xctest */;
			productType = "com.apple.product-type.bundle.unit-test";
		};
		90A2DEAC284E534000B8F876 /* MC2 - Market ResearchUITests */ = {
			isa = PBXNativeTarget;
			buildConfigurationList = 90A2DEBD284E534000B8F876 /* Build configuration list for PBXNativeTarget "MC2 - Market ResearchUITests" */;
			buildPhases = (
				90A2DEA9284E534000B8F876 /* Sources */,
				90A2DEAA284E534000B8F876 /* Frameworks */,
				90A2DEAB284E534000B8F876 /* Resources */,
			);
			buildRules = (
			);
			dependencies = (
				90A2DEAF284E534000B8F876 /* PBXTargetDependency */,
			);
			name = "MC2 - Market ResearchUITests";
			productName = "MC2 - Market ResearchUITests";
			productReference = 90A2DEAD284E534000B8F876 /* MC2 - Market ResearchUITests.xctest */;
			productType = "com.apple.product-type.bundle.ui-testing";
		};
/* End PBXNativeTarget section */

/* Begin PBXProject section */
		90A2DE82284E533D00B8F876 /* Project object */ = {
			isa = PBXProject;
			attributes = {
				BuildIndependentTargetsInParallel = 1;
				LastSwiftUpdateCheck = 1340;
				LastUpgradeCheck = 1340;
				TargetAttributes = {
					90A2DE89284E533D00B8F876 = {
						CreatedOnToolsVersion = 13.4.1;
					};
					90A2DEA2284E534000B8F876 = {
						CreatedOnToolsVersion = 13.4.1;
						TestTargetID = 90A2DE89284E533D00B8F876;
					};
					90A2DEAC284E534000B8F876 = {
						CreatedOnToolsVersion = 13.4.1;
						TestTargetID = 90A2DE89284E533D00B8F876;
					};
				};
			};
			buildConfigurationList = 90A2DE85284E533D00B8F876 /* Build configuration list for PBXProject "MC2 - Market Research" */;
			compatibilityVersion = "Xcode 13.0";
			developmentRegion = en;
			hasScannedForEncodings = 0;
			knownRegions = (
				en,
				Base,
			);
			mainGroup = 90A2DE81284E533D00B8F876;
			productRefGroup = 90A2DE8B284E533D00B8F876 /* Products */;
			projectDirPath = "";
			projectRoot = "";
			targets = (
				90A2DE89284E533D00B8F876 /* MC2 - Market Research */,
				90A2DEA2284E534000B8F876 /* MC2 - Market ResearchTests */,
				90A2DEAC284E534000B8F876 /* MC2 - Market ResearchUITests */,
			);
		};
/* End PBXProject section */

/* Begin PBXResourcesBuildPhase section */
		90A2DE88284E533D00B8F876 /* Resources */ = {
			isa = PBXResourcesBuildPhase;
			buildActionMask = 2147483647;
			files = (
				90A2DE9D284E534000B8F876 /* LaunchScreen.storyboard in Resources */,
				90CCD54F28545D6D008D4F9A /* TableViewCell.xib in Resources */,
				90A2DE9A284E534000B8F876 /* Assets.xcassets in Resources */,
				90A2DE95284E533D00B8F876 /* Main.storyboard in Resources */,
			);
			runOnlyForDeploymentPostprocessing = 0;
		};
		90A2DEA1284E534000B8F876 /* Resources */ = {
			isa = PBXResourcesBuildPhase;
			buildActionMask = 2147483647;
			files = (
			);
			runOnlyForDeploymentPostprocessing = 0;
		};
		90A2DEAB284E534000B8F876 /* Resources */ = {
			isa = PBXResourcesBuildPhase;
			buildActionMask = 2147483647;
			files = (
			);
			runOnlyForDeploymentPostprocessing = 0;
		};
/* End PBXResourcesBuildPhase section */

/* Begin PBXSourcesBuildPhase section */
		90A2DE86284E533D00B8F876 /* Sources */ = {
			isa = PBXSourcesBuildPhase;
			buildActionMask = 2147483647;
			files = (
				90A2DE92284E533D00B8F876 /* ViewController.swift in Sources */,
				90CCD54E28545D6D008D4F9A /* TableViewCell.swift in Sources */,
				90CCD5592854E3F6008D4F9A /* Research+CoreDataClass.swift in Sources */,
				90A2DE8E284E533D00B8F876 /* AppDelegate.swift in Sources */,
				90CCD55A2854E3F6008D4F9A /* Research+CoreDataProperties.swift in Sources */,
				90CCD55228546CB0008D4F9A /* March.xcdatamodeld in Sources */,
				90A2DE90284E533D00B8F876 /* SceneDelegate.swift in Sources */,
				90CCD5562854CB85008D4F9A /* NewResearch.swift in Sources */,
			);
			runOnlyForDeploymentPostprocessing = 0;
		};
		90A2DE9F284E534000B8F876 /* Sources */ = {
			isa = PBXSourcesBuildPhase;
			buildActionMask = 2147483647;
			files = (
				90A2DEA8284E534000B8F876 /* MC2___Market_ResearchTests.swift in Sources */,
			);
			runOnlyForDeploymentPostprocessing = 0;
		};
		90A2DEA9284E534000B8F876 /* Sources */ = {
			isa = PBXSourcesBuildPhase;
			buildActionMask = 2147483647;
			files = (
				90A2DEB4284E534000B8F876 /* MC2___Market_ResearchUITestsLaunchTests.swift in Sources */,
				90A2DEB2284E534000B8F876 /* MC2___Market_ResearchUITests.swift in Sources */,
			);
			runOnlyForDeploymentPostprocessing = 0;
		};
/* End PBXSourcesBuildPhase section */

/* Begin PBXTargetDependency section */
		90A2DEA5284E534000B8F876 /* PBXTargetDependency */ = {
			isa = PBXTargetDependency;
			target = 90A2DE89284E533D00B8F876 /* MC2 - Market Research */;
			targetProxy = 90A2DEA4284E534000B8F876 /* PBXContainerItemProxy */;
		};
		90A2DEAF284E534000B8F876 /* PBXTargetDependency */ = {
			isa = PBXTargetDependency;
			target = 90A2DE89284E533D00B8F876 /* MC2 - Market Research */;
			targetProxy = 90A2DEAE284E534000B8F876 /* PBXContainerItemProxy */;
		};
/* End PBXTargetDependency section */

/* Begin PBXVariantGroup section */
		90A2DE93284E533D00B8F876 /* Main.storyboard */ = {
			isa = PBXVariantGroup;
			children = (
				90A2DE94284E533D00B8F876 /* Base */,
			);
			name = Main.storyboard;
			sourceTree = "<group>";
		};
		90A2DE9B284E534000B8F876 /* LaunchScreen.storyboard */ = {
			isa = PBXVariantGroup;
			children = (
				90A2DE9C284E534000B8F876 /* Base */,
			);
			name = LaunchScreen.storyboard;
			sourceTree = "<group>";
		};
/* End PBXVariantGroup section */

/* Begin XCBuildConfiguration section */
		90A2DEB5284E534000B8F876 /* Debug */ = {
			isa = XCBuildConfiguration;
			buildSettings = {
				ALWAYS_SEARCH_USER_PATHS = NO;
				CLANG_ANALYZER_NONNULL = YES;
				CLANG_ANALYZER_NUMBER_OBJECT_CONVERSION = YES_AGGRESSIVE;
				CLANG_CXX_LANGUAGE_STANDARD = "gnu++17";
				CLANG_ENABLE_MODULES = YES;
				CLANG_ENABLE_OBJC_ARC = YES;
				CLANG_ENABLE_OBJC_WEAK = YES;
				CLANG_WARN_BLOCK_CAPTURE_AUTORELEASING = YES;
				CLANG_WARN_BOOL_CONVERSION = YES;
				CLANG_WARN_COMMA = YES;
				CLANG_WARN_CONSTANT_CONVERSION = YES;
				CLANG_WARN_DEPRECATED_OBJC_IMPLEMENTATIONS = YES;
				CLANG_WARN_DIRECT_OBJC_ISA_USAGE = YES_ERROR;
				CLANG_WARN_DOCUMENTATION_COMMENTS = YES;
				CLANG_WARN_EMPTY_BODY = YES;
				CLANG_WARN_ENUM_CONVERSION = YES;
				CLANG_WARN_INFINITE_RECURSION = YES;
				CLANG_WARN_INT_CONVERSION = YES;
				CLANG_WARN_NON_LITERAL_NULL_CONVERSION = YES;
				CLANG_WARN_OBJC_IMPLICIT_RETAIN_SELF = YES;
				CLANG_WARN_OBJC_LITERAL_CONVERSION = YES;
				CLANG_WARN_OBJC_ROOT_CLASS = YES_ERROR;
				CLANG_WARN_QUOTED_INCLUDE_IN_FRAMEWORK_HEADER = YES;
				CLANG_WARN_RANGE_LOOP_ANALYSIS = YES;
				CLANG_WARN_STRICT_PROTOTYPES = YES;
				CLANG_WARN_SUSPICIOUS_MOVE = YES;
				CLANG_WARN_UNGUARDED_AVAILABILITY = YES_AGGRESSIVE;
				CLANG_WARN_UNREACHABLE_CODE = YES;
				CLANG_WARN__DUPLICATE_METHOD_MATCH = YES;
				COPY_PHASE_STRIP = NO;
				DEBUG_INFORMATION_FORMAT = dwarf;
				ENABLE_STRICT_OBJC_MSGSEND = YES;
				ENABLE_TESTABILITY = YES;
				GCC_C_LANGUAGE_STANDARD = gnu11;
				GCC_DYNAMIC_NO_PIC = NO;
				GCC_NO_COMMON_BLOCKS = YES;
				GCC_OPTIMIZATION_LEVEL = 0;
				GCC_PREPROCESSOR_DEFINITIONS = (
					"DEBUG=1",
					"$(inherited)",
				);
				GCC_WARN_64_TO_32_BIT_CONVERSION = YES;
				GCC_WARN_ABOUT_RETURN_TYPE = YES_ERROR;
				GCC_WARN_UNDECLARED_SELECTOR = YES;
				GCC_WARN_UNINITIALIZED_AUTOS = YES_AGGRESSIVE;
				GCC_WARN_UNUSED_FUNCTION = YES;
				GCC_WARN_UNUSED_VARIABLE = YES;
				IPHONEOS_DEPLOYMENT_TARGET = 15.5;
				MTL_ENABLE_DEBUG_INFO = INCLUDE_SOURCE;
				MTL_FAST_MATH = YES;
				ONLY_ACTIVE_ARCH = YES;
				SDKROOT = iphoneos;
				SWIFT_ACTIVE_COMPILATION_CONDITIONS = DEBUG;
				SWIFT_OPTIMIZATION_LEVEL = "-Onone";
			};
			name = Debug;
		};
		90A2DEB6284E534000B8F876 /* Release */ = {
			isa = XCBuildConfiguration;
			buildSettings = {
				ALWAYS_SEARCH_USER_PATHS = NO;
				CLANG_ANALYZER_NONNULL = YES;
				CLANG_ANALYZER_NUMBER_OBJECT_CONVERSION = YES_AGGRESSIVE;
				CLANG_CXX_LANGUAGE_STANDARD = "gnu++17";
				CLANG_ENABLE_MODULES = YES;
				CLANG_ENABLE_OBJC_ARC = YES;
				CLANG_ENABLE_OBJC_WEAK = YES;
				CLANG_WARN_BLOCK_CAPTURE_AUTORELEASING = YES;
				CLANG_WARN_BOOL_CONVERSION = YES;
				CLANG_WARN_COMMA = YES;
				CLANG_WARN_CONSTANT_CONVERSION = YES;
				CLANG_WARN_DEPRECATED_OBJC_IMPLEMENTATIONS = YES;
				CLANG_WARN_DIRECT_OBJC_ISA_USAGE = YES_ERROR;
				CLANG_WARN_DOCUMENTATION_COMMENTS = YES;
				CLANG_WARN_EMPTY_BODY = YES;
				CLANG_WARN_ENUM_CONVERSION = YES;
				CLANG_WARN_INFINITE_RECURSION = YES;
				CLANG_WARN_INT_CONVERSION = YES;
				CLANG_WARN_NON_LITERAL_NULL_CONVERSION = YES;
				CLANG_WARN_OBJC_IMPLICIT_RETAIN_SELF = YES;
				CLANG_WARN_OBJC_LITERAL_CONVERSION = YES;
				CLANG_WARN_OBJC_ROOT_CLASS = YES_ERROR;
				CLANG_WARN_QUOTED_INCLUDE_IN_FRAMEWORK_HEADER = YES;
				CLANG_WARN_RANGE_LOOP_ANALYSIS = YES;
				CLANG_WARN_STRICT_PROTOTYPES = YES;
				CLANG_WARN_SUSPICIOUS_MOVE = YES;
				CLANG_WARN_UNGUARDED_AVAILABILITY = YES_AGGRESSIVE;
				CLANG_WARN_UNREACHABLE_CODE = YES;
				CLANG_WARN__DUPLICATE_METHOD_MATCH = YES;
				COPY_PHASE_STRIP = NO;
				DEBUG_INFORMATION_FORMAT = "dwarf-with-dsym";
				ENABLE_NS_ASSERTIONS = NO;
				ENABLE_STRICT_OBJC_MSGSEND = YES;
				GCC_C_LANGUAGE_STANDARD = gnu11;
				GCC_NO_COMMON_BLOCKS = YES;
				GCC_WARN_64_TO_32_BIT_CONVERSION = YES;
				GCC_WARN_ABOUT_RETURN_TYPE = YES_ERROR;
				GCC_WARN_UNDECLARED_SELECTOR = YES;
				GCC_WARN_UNINITIALIZED_AUTOS = YES_AGGRESSIVE;
				GCC_WARN_UNUSED_FUNCTION = YES;
				GCC_WARN_UNUSED_VARIABLE = YES;
				IPHONEOS_DEPLOYMENT_TARGET = 15.5;
				MTL_ENABLE_DEBUG_INFO = NO;
				MTL_FAST_MATH = YES;
				SDKROOT = iphoneos;
				SWIFT_COMPILATION_MODE = wholemodule;
				SWIFT_OPTIMIZATION_LEVEL = "-O";
				VALIDATE_PRODUCT = YES;
			};
			name = Release;
		};
		90A2DEB8284E534000B8F876 /* Debug */ = {
			isa = XCBuildConfiguration;
			buildSettings = {
				ASSETCATALOG_COMPILER_APPICON_NAME = AppIcon;
				ASSETCATALOG_COMPILER_GLOBAL_ACCENT_COLOR_NAME = AccentColor;
				CODE_SIGN_STYLE = Automatic;
				CURRENT_PROJECT_VERSION = 1;
				DEVELOPMENT_TEAM = SPWBLKD667;
				GENERATE_INFOPLIST_FILE = YES;
				INFOPLIST_FILE = "MC2 - Market Research/Info.plist";
				INFOPLIST_KEY_UIApplicationSupportsIndirectInputEvents = YES;
				INFOPLIST_KEY_UILaunchStoryboardName = LaunchScreen;
				INFOPLIST_KEY_UIMainStoryboardFile = Main;
				INFOPLIST_KEY_UISupportedInterfaceOrientations_iPad = "UIInterfaceOrientationPortrait UIInterfaceOrientationPortraitUpsideDown UIInterfaceOrientationLandscapeLeft UIInterfaceOrientationLandscapeRight";
				INFOPLIST_KEY_UISupportedInterfaceOrientations_iPhone = "UIInterfaceOrientationPortrait UIInterfaceOrientationLandscapeLeft UIInterfaceOrientationLandscapeRight";
				LD_RUNPATH_SEARCH_PATHS = (
					"$(inherited)",
					"@executable_path/Frameworks",
				);
				MARKETING_VERSION = 1.0;
				PRODUCT_BUNDLE_IDENTIFIER = "com.AppleDeveloperAcademyBinus.MC2---Market-Research";
				PRODUCT_NAME = "$(TARGET_NAME)";
				SWIFT_EMIT_LOC_STRINGS = YES;
				SWIFT_VERSION = 5.0;
				TARGETED_DEVICE_FAMILY = "1,2";
			};
			name = Debug;
		};
		90A2DEB9284E534000B8F876 /* Release */ = {
			isa = XCBuildConfiguration;
			buildSettings = {
				ASSETCATALOG_COMPILER_APPICON_NAME = AppIcon;
				ASSETCATALOG_COMPILER_GLOBAL_ACCENT_COLOR_NAME = AccentColor;
				CODE_SIGN_STYLE = Automatic;
				CURRENT_PROJECT_VERSION = 1;
				DEVELOPMENT_TEAM = SPWBLKD667;
				GENERATE_INFOPLIST_FILE = YES;
				INFOPLIST_FILE = "MC2 - Market Research/Info.plist";
				INFOPLIST_KEY_UIApplicationSupportsIndirectInputEvents = YES;
				INFOPLIST_KEY_UILaunchStoryboardName = LaunchScreen;
				INFOPLIST_KEY_UIMainStoryboardFile = Main;
				INFOPLIST_KEY_UISupportedInterfaceOrientations_iPad = "UIInterfaceOrientationPortrait UIInterfaceOrientationPortraitUpsideDown UIInterfaceOrientationLandscapeLeft UIInterfaceOrientationLandscapeRight";
				INFOPLIST_KEY_UISupportedInterfaceOrientations_iPhone = "UIInterfaceOrientationPortrait UIInterfaceOrientationLandscapeLeft UIInterfaceOrientationLandscapeRight";
				LD_RUNPATH_SEARCH_PATHS = (
					"$(inherited)",
					"@executable_path/Frameworks",
				);
				MARKETING_VERSION = 1.0;
				PRODUCT_BUNDLE_IDENTIFIER = "com.AppleDeveloperAcademyBinus.MC2---Market-Research";
				PRODUCT_NAME = "$(TARGET_NAME)";
				SWIFT_EMIT_LOC_STRINGS = YES;
				SWIFT_VERSION = 5.0;
				TARGETED_DEVICE_FAMILY = "1,2";
			};
			name = Release;
		};
		90A2DEBB284E534000B8F876 /* Debug */ = {
			isa = XCBuildConfiguration;
			buildSettings = {
				ALWAYS_EMBED_SWIFT_STANDARD_LIBRARIES = YES;
				BUNDLE_LOADER = "$(TEST_HOST)";
				CODE_SIGN_STYLE = Automatic;
				CURRENT_PROJECT_VERSION = 1;
				DEVELOPMENT_TEAM = SPWBLKD667;
				GENERATE_INFOPLIST_FILE = YES;
				IPHONEOS_DEPLOYMENT_TARGET = 15.5;
				MARKETING_VERSION = 1.0;
				PRODUCT_BUNDLE_IDENTIFIER = "com.AppleDeveloperAcademyBinus.MC2---Market-ResearchTests";
				PRODUCT_NAME = "$(TARGET_NAME)";
				SWIFT_EMIT_LOC_STRINGS = NO;
				SWIFT_VERSION = 5.0;
				TARGETED_DEVICE_FAMILY = "1,2";
				TEST_HOST = "$(BUILT_PRODUCTS_DIR)/MC2 - Market Research.app/MC2 - Market Research";
			};
			name = Debug;
		};
		90A2DEBC284E534000B8F876 /* Release */ = {
			isa = XCBuildConfiguration;
			buildSettings = {
				ALWAYS_EMBED_SWIFT_STANDARD_LIBRARIES = YES;
				BUNDLE_LOADER = "$(TEST_HOST)";
				CODE_SIGN_STYLE = Automatic;
				CURRENT_PROJECT_VERSION = 1;
				DEVELOPMENT_TEAM = SPWBLKD667;
				GENERATE_INFOPLIST_FILE = YES;
				IPHONEOS_DEPLOYMENT_TARGET = 15.5;
				MARKETING_VERSION = 1.0;
				PRODUCT_BUNDLE_IDENTIFIER = "com.AppleDeveloperAcademyBinus.MC2---Market-ResearchTests";
				PRODUCT_NAME = "$(TARGET_NAME)";
				SWIFT_EMIT_LOC_STRINGS = NO;
				SWIFT_VERSION = 5.0;
				TARGETED_DEVICE_FAMILY = "1,2";
				TEST_HOST = "$(BUILT_PRODUCTS_DIR)/MC2 - Market Research.app/MC2 - Market Research";
			};
			name = Release;
		};
		90A2DEBE284E534000B8F876 /* Debug */ = {
			isa = XCBuildConfiguration;
			buildSettings = {
				ALWAYS_EMBED_SWIFT_STANDARD_LIBRARIES = YES;
				CODE_SIGN_STYLE = Automatic;
				CURRENT_PROJECT_VERSION = 1;
				DEVELOPMENT_TEAM = SPWBLKD667;
				GENERATE_INFOPLIST_FILE = YES;
				MARKETING_VERSION = 1.0;
				PRODUCT_BUNDLE_IDENTIFIER = "com.AppleDeveloperAcademyBinus.MC2---Market-ResearchUITests";
				PRODUCT_NAME = "$(TARGET_NAME)";
				SWIFT_EMIT_LOC_STRINGS = NO;
				SWIFT_VERSION = 5.0;
				TARGETED_DEVICE_FAMILY = "1,2";
				TEST_TARGET_NAME = "MC2 - Market Research";
			};
			name = Debug;
		};
		90A2DEBF284E534000B8F876 /* Release */ = {
			isa = XCBuildConfiguration;
			buildSettings = {
				ALWAYS_EMBED_SWIFT_STANDARD_LIBRARIES = YES;
				CODE_SIGN_STYLE = Automatic;
				CURRENT_PROJECT_VERSION = 1;
				DEVELOPMENT_TEAM = SPWBLKD667;
				GENERATE_INFOPLIST_FILE = YES;
				MARKETING_VERSION = 1.0;
				PRODUCT_BUNDLE_IDENTIFIER = "com.AppleDeveloperAcademyBinus.MC2---Market-ResearchUITests";
				PRODUCT_NAME = "$(TARGET_NAME)";
				SWIFT_EMIT_LOC_STRINGS = NO;
				SWIFT_VERSION = 5.0;
				TARGETED_DEVICE_FAMILY = "1,2";
				TEST_TARGET_NAME = "MC2 - Market Research";
			};
			name = Release;
		};
/* End XCBuildConfiguration section */

/* Begin XCConfigurationList section */
		90A2DE85284E533D00B8F876 /* Build configuration list for PBXProject "MC2 - Market Research" */ = {
			isa = XCConfigurationList;
			buildConfigurations = (
				90A2DEB5284E534000B8F876 /* Debug */,
				90A2DEB6284E534000B8F876 /* Release */,
			);
			defaultConfigurationIsVisible = 0;
			defaultConfigurationName = Release;
		};
		90A2DEB7284E534000B8F876 /* Build configuration list for PBXNativeTarget "MC2 - Market Research" */ = {
			isa = XCConfigurationList;
			buildConfigurations = (
				90A2DEB8284E534000B8F876 /* Debug */,
				90A2DEB9284E534000B8F876 /* Release */,
			);
			defaultConfigurationIsVisible = 0;
			defaultConfigurationName = Release;
		};
		90A2DEBA284E534000B8F876 /* Build configuration list for PBXNativeTarget "MC2 - Market ResearchTests" */ = {
			isa = XCConfigurationList;
			buildConfigurations = (
				90A2DEBB284E534000B8F876 /* Debug */,
				90A2DEBC284E534000B8F876 /* Release */,
			);
			defaultConfigurationIsVisible = 0;
			defaultConfigurationName = Release;
		};
		90A2DEBD284E534000B8F876 /* Build configuration list for PBXNativeTarget "MC2 - Market ResearchUITests" */ = {
			isa = XCConfigurationList;
			buildConfigurations = (
				90A2DEBE284E534000B8F876 /* Debug */,
				90A2DEBF284E534000B8F876 /* Release */,
			);
			defaultConfigurationIsVisible = 0;
			defaultConfigurationName = Release;
		};
/* End XCConfigurationList section */

/* Begin XCVersionGroup section */
		90CCD55028546CB0008D4F9A /* March.xcdatamodeld */ = {
			isa = XCVersionGroup;
			children = (
				90CCD55128546CB0008D4F9A /* March.xcdatamodel */,
			);
			currentVersion = 90CCD55128546CB0008D4F9A /* March.xcdatamodel */;
			path = March.xcdatamodeld;
			sourceTree = "<group>";
			versionGroupType = wrapper.xcdatamodel;
		};
/* End XCVersionGroup section */
	};
	rootObject = 90A2DE82284E533D00B8F876 /* Project object */;
}
